// !$*UTF8*$!
{
	archiveVersion = 1;
	classes = {
	};
	objectVersion = 56;
	objects = {

/* Begin PBXBuildFile section */
		60410A502D8E32A400AD8946 /* Challange03_02App.swift in Sources */ = {isa = PBXBuildFile; fileRef = 60410A4F2D8E32A400AD8946 /* Challange03_02App.swift */; };
		60410A522D8E32A400AD8946 /* ContentView.swift in Sources */ = {isa = PBXBuildFile; fileRef = 60410A512D8E32A400AD8946 /* ContentView.swift */; };
		60410A542D8E32A600AD8946 /* Assets.xcassets in Resources */ = {isa = PBXBuildFile; fileRef = 60410A532D8E32A600AD8946 /* Assets.xcassets */; };
		60410A572D8E32A600AD8946 /* Preview Assets.xcassets in Resources */ = {isa = PBXBuildFile; fileRef = 60410A562D8E32A600AD8946 /* Preview Assets.xcassets */; };
		60410A5E2D8E332400AD8946 /* logo.png in Resources */ = {isa = PBXBuildFile; fileRef = 60410A5D2D8E332400AD8946 /* logo.png */; };
		60410A622D8E36C900AD8946 /* Modo2View.swift in Sources */ = {isa = PBXBuildFile; fileRef = 60410A612D8E36C900AD8946 /* Modo2View.swift */; };
		60410A642D8E377400AD8946 /* Modo1View.swift in Sources */ = {isa = PBXBuildFile; fileRef = 60410A632D8E377400AD8946 /* Modo1View.swift */; };
		60410A662D8E3BF800AD8946 /* Modo2ResultView.swift in Sources */ = {isa = PBXBuildFile; fileRef = 60410A652D8E3BF800AD8946 /* Modo2ResultView.swift */; };
/* End PBXBuildFile section */

/* Begin PBXFileReference section */
		60410A4C2D8E32A400AD8946 /* Challange03-02.app */ = {isa = PBXFileReference; explicitFileType = wrapper.application; includeInIndex = 0; path = "Challange03-02.app"; sourceTree = BUILT_PRODUCTS_DIR; };
		60410A4F2D8E32A400AD8946 /* Challange03_02App.swift */ = {isa = PBXFileReference; lastKnownFileType = sourcecode.swift; path = Challange03_02App.swift; sourceTree = "<group>"; };
		60410A512D8E32A400AD8946 /* ContentView.swift */ = {isa = PBXFileReference; lastKnownFileType = sourcecode.swift; path = ContentView.swift; sourceTree = "<group>"; };
		60410A532D8E32A600AD8946 /* Assets.xcassets */ = {isa = PBXFileReference; lastKnownFileType = folder.assetcatalog; path = Assets.xcassets; sourceTree = "<group>"; };
		60410A562D8E32A600AD8946 /* Preview Assets.xcassets */ = {isa = PBXFileReference; lastKnownFileType = folder.assetcatalog; path = "Preview Assets.xcassets"; sourceTree = "<group>"; };
		60410A5D2D8E332400AD8946 /* logo.png */ = {isa = PBXFileReference; lastKnownFileType = image.png; name = logo.png; path = ../../../Downloads/logo.png; sourceTree = "<group>"; };
		60410A612D8E36C900AD8946 /* Modo2View.swift */ = {isa = PBXFileReference; lastKnownFileType = sourcecode.swift; path = Modo2View.swift; sourceTree = "<group>"; };
		60410A632D8E377400AD8946 /* Modo1View.swift */ = {isa = PBXFileReference; lastKnownFileType = sourcecode.swift; path = Modo1View.swift; sourceTree = "<group>"; };
		60410A652D8E3BF800AD8946 /* Modo2ResultView.swift */ = {isa = PBXFileReference; lastKnownFileType = sourcecode.swift; path = Modo2ResultView.swift; sourceTree = "<group>"; };
/* End PBXFileReference section */

/* Begin PBXFrameworksBuildPhase section */
		60410A492D8E32A400AD8946 /* Frameworks */ = {
			isa = PBXFrameworksBuildPhase;
			buildActionMask = 2147483647;
			files = (
			);
			runOnlyForDeploymentPostprocessing = 0;
		};
/* End PBXFrameworksBuildPhase section */

/* Begin PBXGroup section */
		60410A432D8E32A400AD8946 = {
			isa = PBXGroup;
			children = (
				60410A5D2D8E332400AD8946 /* logo.png */,
				60410A4E2D8E32A400AD8946 /* Challange03-02 */,
				60410A4D2D8E32A400AD8946 /* Products */,
			);
			sourceTree = "<group>";
		};
		60410A4D2D8E32A400AD8946 /* Products */ = {
			isa = PBXGroup;
			children = (
				60410A4C2D8E32A400AD8946 /* Challange03-02.app */,
			);
			name = Products;
			sourceTree = "<group>";
		};
		60410A4E2D8E32A400AD8946 /* Challange03-02 */ = {
			isa = PBXGroup;
			children = (
				60410A4F2D8E32A400AD8946 /* Challange03_02App.swift */,
				60410A512D8E32A400AD8946 /* ContentView.swift */,
				60410A612D8E36C900AD8946 /* Modo2View.swift */,
				60410A652D8E3BF800AD8946 /* Modo2ResultView.swift */,
				60410A632D8E377400AD8946 /* Modo1View.swift */,
				60410A532D8E32A600AD8946 /* Assets.xcassets */,
				60410A552D8E32A600AD8946 /* Preview Content */,
			);
			path = "Challange03-02";
			sourceTree = "<group>";
		};
		60410A552D8E32A600AD8946 /* Preview Content */ = {
			isa = PBXGroup;
			children = (
				60410A562D8E32A600AD8946 /* Preview Assets.xcassets */,
			);
			path = "Preview Content";
			sourceTree = "<group>";
		};
/* End PBXGroup section */

/* Begin PBXNativeTarget section */
		60410A4B2D8E32A400AD8946 /* Challange03-02 */ = {
			isa = PBXNativeTarget;
			buildConfigurationList = 60410A5A2D8E32A600AD8946 /* Build configuration list for PBXNativeTarget "Challange03-02" */;
			buildPhases = (
				60410A482D8E32A400AD8946 /* Sources */,
				60410A492D8E32A400AD8946 /* Frameworks */,
				60410A4A2D8E32A400AD8946 /* Resources */,
			);
			buildRules = (
			);
			dependencies = (
			);
			name = "Challange03-02";
			productName = "Challange03-02";
			productReference = 60410A4C2D8E32A400AD8946 /* Challange03-02.app */;
			productType = "com.apple.product-type.application";
		};
/* End PBXNativeTarget section */

/* Begin PBXProject section */
		60410A442D8E32A400AD8946 /* Project object */ = {
			isa = PBXProject;
			attributes = {
				BuildIndependentTargetsInParallel = 1;
				LastSwiftUpdateCheck = 1540;
				LastUpgradeCheck = 1540;
				TargetAttributes = {
					60410A4B2D8E32A400AD8946 = {
						CreatedOnToolsVersion = 15.4;
					};
				};
			};
			buildConfigurationList = 60410A472D8E32A400AD8946 /* Build configuration list for PBXProject "Challange03-02" */;
			compatibilityVersion = "Xcode 14.0";
			developmentRegion = en;
			hasScannedForEncodings = 0;
			knownRegions = (
				en,
				Base,
			);
			mainGroup = 60410A432D8E32A400AD8946;
			productRefGroup = 60410A4D2D8E32A400AD8946 /* Products */;
			projectDirPath = "";
			projectRoot = "";
			targets = (
				60410A4B2D8E32A400AD8946 /* Challange03-02 */,
			);
		};
/* End PBXProject section */

/* Begin PBXResourcesBuildPhase section */
		60410A4A2D8E32A400AD8946 /* Resources */ = {
			isa = PBXResourcesBuildPhase;
			buildActionMask = 2147483647;
			files = (
				60410A572D8E32A600AD8946 /* Preview Assets.xcassets in Resources */,
				60410A542D8E32A600AD8946 /* Assets.xcassets in Resources */,
				60410A5E2D8E332400AD8946 /* logo.png in Resources */,
			);
			runOnlyForDeploymentPostprocessing = 0;
		};
/* End PBXResourcesBuildPhase section */

/* Begin PBXSourcesBuildPhase section */
		60410A482D8E32A400AD8946 /* Sources */ = {
			isa = PBXSourcesBuildPhase;
			buildActionMask = 2147483647;
			files = (
				60410A662D8E3BF800AD8946 /* Modo2ResultView.swift in Sources */,
				60410A522D8E32A400AD8946 /* ContentView.swift in Sources */,
				60410A642D8E377400AD8946 /* Modo1View.swift in Sources */,
				60410A622D8E36C900AD8946 /* Modo2View.swift in Sources */,
				60410A502D8E32A400AD8946 /* Challange03_02App.swift in Sources */,
			);
			runOnlyForDeploymentPostprocessing = 0;
		};
/* End PBXSourcesBuildPhase section */

/* Begin XCBuildConfiguration section */
		60410A582D8E32A600AD8946 /* Debug */ = {
			isa = XCBuildConfiguration;
			buildSettings = {
				ALWAYS_SEARCH_USER_PATHS = NO;
				ASSETCATALOG_COMPILER_GENERATE_SWIFT_ASSET_SYMBOL_EXTENSIONS = YES;
				CLANG_ANALYZER_NONNULL = YES;
				CLANG_ANALYZER_NUMBER_OBJECT_CONVERSION = YES_AGGRESSIVE;
				CLANG_CXX_LANGUAGE_STANDARD = "gnu++20";
				CLANG_ENABLE_MODULES = YES;
				CLANG_ENABLE_OBJC_ARC = YES;
				CLANG_ENABLE_OBJC_WEAK = YES;
				CLANG_WARN_BLOCK_CAPTURE_AUTORELEASING = YES;
				CLANG_WARN_BOOL_CONVERSION = YES;
				CLANG_WARN_COMMA = YES;
				CLANG_WARN_CONSTANT_CONVERSION = YES;
				CLANG_WARN_DEPRECATED_OBJC_IMPLEMENTATIONS = YES;
				CLANG_WARN_DIRECT_OBJC_ISA_USAGE = YES_ERROR;
				CLANG_WARN_DOCUMENTATION_COMMENTS = YES;
				CLANG_WARN_EMPTY_BODY = YES;
				CLANG_WARN_ENUM_CONVERSION = YES;
				CLANG_WARN_INFINITE_RECURSION = YES;
				CLANG_WARN_INT_CONVERSION = YES;
				CLANG_WARN_NON_LITERAL_NULL_CONVERSION = YES;
				CLANG_WARN_OBJC_IMPLICIT_RETAIN_SELF = YES;
				CLANG_WARN_OBJC_LITERAL_CONVERSION = YES;
				CLANG_WARN_OBJC_ROOT_CLASS = YES_ERROR;
				CLANG_WARN_QUOTED_INCLUDE_IN_FRAMEWORK_HEADER = YES;
				CLANG_WARN_RANGE_LOOP_ANALYSIS = YES;
				CLANG_WARN_STRICT_PROTOTYPES = YES;
				CLANG_WARN_SUSPICIOUS_MOVE = YES;
				CLANG_WARN_UNGUARDED_AVAILABILITY = YES_AGGRESSIVE;
				CLANG_WARN_UNREACHABLE_CODE = YES;
				CLANG_WARN__DUPLICATE_METHOD_MATCH = YES;
				COPY_PHASE_STRIP = NO;
				DEBUG_INFORMATION_FORMAT = dwarf;
				ENABLE_STRICT_OBJC_MSGSEND = YES;
				ENABLE_TESTABILITY = YES;
				ENABLE_USER_SCRIPT_SANDBOXING = YES;
				GCC_C_LANGUAGE_STANDARD = gnu17;
				GCC_DYNAMIC_NO_PIC = NO;
				GCC_NO_COMMON_BLOCKS = YES;
				GCC_OPTIMIZATION_LEVEL = 0;
				GCC_PREPROCESSOR_DEFINITIONS = (
					"DEBUG=1",
					"$(inherited)",
				);
				GCC_WARN_64_TO_32_BIT_CONVERSION = YES;
				GCC_WARN_ABOUT_RETURN_TYPE = YES_ERROR;
				GCC_WARN_UNDECLARED_SELECTOR = YES;
				GCC_WARN_UNINITIALIZED_AUTOS = YES_AGGRESSIVE;
				GCC_WARN_UNUSED_FUNCTION = YES;
				GCC_WARN_UNUSED_VARIABLE = YES;
				IPHONEOS_DEPLOYMENT_TARGET = 17.5;
				LOCALIZATION_PREFERS_STRING_CATALOGS = YES;
				MTL_ENABLE_DEBUG_INFO = INCLUDE_SOURCE;
				MTL_FAST_MATH = YES;
				ONLY_ACTIVE_ARCH = YES;
				SDKROOT = iphoneos;
				SWIFT_ACTIVE_COMPILATION_CONDITIONS = "DEBUG $(inherited)";
				SWIFT_OPTIMIZATION_LEVEL = "-Onone";
			};
			name = Debug;
		};
		60410A592D8E32A600AD8946 /* Release */ = {
			isa = XCBuildConfiguration;
			buildSettings = {
				ALWAYS_SEARCH_USER_PATHS = NO;
				ASSETCATALOG_COMPILER_GENERATE_SWIFT_ASSET_SYMBOL_EXTENSIONS = YES;
				CLANG_ANALYZER_NONNULL = YES;
				CLANG_ANALYZER_NUMBER_OBJECT_CONVERSION = YES_AGGRESSIVE;
				CLANG_CXX_LANGUAGE_STANDARD = "gnu++20";
				CLANG_ENABLE_MODULES = YES;
				CLANG_ENABLE_OBJC_ARC = YES;
				CLANG_ENABLE_OBJC_WEAK = YES;
				CLANG_WARN_BLOCK_CAPTURE_AUTORELEASING = YES;
				CLANG_WARN_BOOL_CONVERSION = YES;
				CLANG_WARN_COMMA = YES;
				CLANG_WARN_CONSTANT_CONVERSION = YES;
				CLANG_WARN_DEPRECATED_OBJC_IMPLEMENTATIONS = YES;
				CLANG_WARN_DIRECT_OBJC_ISA_USAGE = YES_ERROR;
				CLANG_WARN_DOCUMENTATION_COMMENTS = YES;
				CLANG_WARN_EMPTY_BODY = YES;
				CLANG_WARN_ENUM_CONVERSION = YES;
				CLANG_WARN_INFINITE_RECURSION = YES;
				CLANG_WARN_INT_CONVERSION = YES;
				CLANG_WARN_NON_LITERAL_NULL_CONVERSION = YES;
				CLANG_WARN_OBJC_IMPLICIT_RETAIN_SELF = YES;
				CLANG_WARN_OBJC_LITERAL_CONVERSION = YES;
				CLANG_WARN_OBJC_ROOT_CLASS = YES_ERROR;
				CLANG_WARN_QUOTED_INCLUDE_IN_FRAMEWORK_HEADER = YES;
				CLANG_WARN_RANGE_LOOP_ANALYSIS = YES;
				CLANG_WARN_STRICT_PROTOTYPES = YES;
				CLANG_WARN_SUSPICIOUS_MOVE = YES;
				CLANG_WARN_UNGUARDED_AVAILABILITY = YES_AGGRESSIVE;
				CLANG_WARN_UNREACHABLE_CODE = YES;
				CLANG_WARN__DUPLICATE_METHOD_MATCH = YES;
				COPY_PHASE_STRIP = NO;
				DEBUG_INFORMATION_FORMAT = "dwarf-with-dsym";
				ENABLE_NS_ASSERTIONS = NO;
				ENABLE_STRICT_OBJC_MSGSEND = YES;
				ENABLE_USER_SCRIPT_SANDBOXING = YES;
				GCC_C_LANGUAGE_STANDARD = gnu17;
				GCC_NO_COMMON_BLOCKS = YES;
				GCC_WARN_64_TO_32_BIT_CONVERSION = YES;
				GCC_WARN_ABOUT_RETURN_TYPE = YES_ERROR;
				GCC_WARN_UNDECLARED_SELECTOR = YES;
				GCC_WARN_UNINITIALIZED_AUTOS = YES_AGGRESSIVE;
				GCC_WARN_UNUSED_FUNCTION = YES;
				GCC_WARN_UNUSED_VARIABLE = YES;
				IPHONEOS_DEPLOYMENT_TARGET = 17.5;
				LOCALIZATION_PREFERS_STRING_CATALOGS = YES;
				MTL_ENABLE_DEBUG_INFO = NO;
				MTL_FAST_MATH = YES;
				SDKROOT = iphoneos;
				SWIFT_COMPILATION_MODE = wholemodule;
				VALIDATE_PRODUCT = YES;
			};
			name = Release;
		};
		60410A5B2D8E32A600AD8946 /* Debug */ = {
			isa = XCBuildConfiguration;
			buildSettings = {
				ASSETCATALOG_COMPILER_APPICON_NAME = AppIcon;
				ASSETCATALOG_COMPILER_GLOBAL_ACCENT_COLOR_NAME = AccentColor;
				CODE_SIGN_STYLE = Automatic;
				CURRENT_PROJECT_VERSION = 1;
				DEVELOPMENT_ASSET_PATHS = "\"Challange03-02/Preview Content\"";
				ENABLE_PREVIEWS = YES;
				GENERATE_INFOPLIST_FILE = YES;
				INFOPLIST_KEY_UIApplicationSceneManifest_Generation = YES;
				INFOPLIST_KEY_UIApplicationSupportsIndirectInputEvents = YES;
				INFOPLIST_KEY_UILaunchScreen_Generation = YES;
				INFOPLIST_KEY_UISupportedInterfaceOrientations_iPad = "UIInterfaceOrientationPortrait UIInterfaceOrientationPortraitUpsideDown UIInterfaceOrientationLandscapeLeft UIInterfaceOrientationLandscapeRight";
				INFOPLIST_KEY_UISupportedInterfaceOrientations_iPhone = "UIInterfaceOrientationPortrait UIInterfaceOrientationLandscapeLeft UIInterfaceOrientationLandscapeRight";
				LD_RUNPATH_SEARCH_PATHS = (
					"$(inherited)",
					"@executable_path/Frameworks",
				);
				MARKETING_VERSION = 1.0;
				PRODUCT_BUNDLE_IDENTIFIER = "gabrieldiniz.Challange03-02";
				PRODUCT_NAME = "$(TARGET_NAME)";
				SWIFT_EMIT_LOC_STRINGS = YES;
				SWIFT_VERSION = 5.0;
				TARGETED_DEVICE_FAMILY = "1,2";
			};
			name = Debug;
		};
		60410A5C2D8E32A600AD8946 /* Release */ = {
			isa = XCBuildConfiguration;
			buildSettings = {
				ASSETCATALOG_COMPILER_APPICON_NAME = AppIcon;
				ASSETCATALOG_COMPILER_GLOBAL_ACCENT_COLOR_NAME = AccentColor;
				CODE_SIGN_STYLE = Automatic;
				CURRENT_PROJECT_VERSION = 1;
				DEVELOPMENT_ASSET_PATHS = "\"Challange03-02/Preview Content\"";
				ENABLE_PREVIEWS = YES;
				GENERATE_INFOPLIST_FILE = YES;
				INFOPLIST_KEY_UIApplicationSceneManifest_Generation = YES;
				INFOPLIST_KEY_UIApplicationSupportsIndirectInputEvents = YES;
				INFOPLIST_KEY_UILaunchScreen_Generation = YES;
				INFOPLIST_KEY_UISupportedInterfaceOrientations_iPad = "UIInterfaceOrientationPortrait UIInterfaceOrientationPortraitUpsideDown UIInterfaceOrientationLandscapeLeft UIInterfaceOrientationLandscapeRight";
				INFOPLIST_KEY_UISupportedInterfaceOrientations_iPhone = "UIInterfaceOrientationPortrait UIInterfaceOrientationLandscapeLeft UIInterfaceOrientationLandscapeRight";
				LD_RUNPATH_SEARCH_PATHS = (
					"$(inherited)",
					"@executable_path/Frameworks",
				);
				MARKETING_VERSION = 1.0;
				PRODUCT_BUNDLE_IDENTIFIER = "gabrieldiniz.Challange03-02";
				PRODUCT_NAME = "$(TARGET_NAME)";
				SWIFT_EMIT_LOC_STRINGS = YES;
				SWIFT_VERSION = 5.0;
				TARGETED_DEVICE_FAMILY = "1,2";
			};
			name = Release;
		};
/* End XCBuildConfiguration section */

/* Begin XCConfigurationList section */
		60410A472D8E32A400AD8946 /* Build configuration list for PBXProject "Challange03-02" */ = {
			isa = XCConfigurationList;
			buildConfigurations = (
				60410A582D8E32A600AD8946 /* Debug */,
				60410A592D8E32A600AD8946 /* Release */,
			);
			defaultConfigurationIsVisible = 0;
			defaultConfigurationName = Release;
		};
		60410A5A2D8E32A600AD8946 /* Build configuration list for PBXNativeTarget "Challange03-02" */ = {
			isa = XCConfigurationList;
			buildConfigurations = (
				60410A5B2D8E32A600AD8946 /* Debug */,
				60410A5C2D8E32A600AD8946 /* Release */,
			);
			defaultConfigurationIsVisible = 0;
			defaultConfigurationName = Release;
		};
/* End XCConfigurationList section */
	};
	rootObject = 60410A442D8E32A400AD8946 /* Project object */;
}
